
Microsoft Visual Studio Solution File, Format Version 12.00
# Visual Studio 14
VisualStudioVersion = 14.0.24720.0
MinimumVisualStudioVersion = 10.0.40219.1
Project("{FAE04EC0-301F-11D3-BF4B-00C04F79EFBC}") = "NServiceBus.QueueLengthMonitor", "NServiceBus.QueueLengthMonitor\NServiceBus.QueueLengthMonitor.csproj", "{0FE43F9E-0D23-42A5-BFE9-E92E4905D1DC}"
EndProject
Project("{FAE04EC0-301F-11D3-BF4B-00C04F79EFBC}") = "NServiceBus.QueueLengthMonitor.PlugIn", "NServiceBus.QueueLengthMonitor.PlugIn\NServiceBus.QueueLengthMonitor.PlugIn.csproj", "{675FC489-EF50-42FA-AB9B-D7462E02434E}"
EndProject
Project("{FAE04EC0-301F-11D3-BF4B-00C04F79EFBC}") = "Demo", "Demo\Demo.csproj", "{4523FE9B-893F-4878-941E-8722FEA7F77D}"
EndProject
Global
	GlobalSection(SolutionConfigurationPlatforms) = preSolution
		Debug|Any CPU = Debug|Any CPU
		Release|Any CPU = Release|Any CPU
	EndGlobalSection
	GlobalSection(ProjectConfigurationPlatforms) = postSolution
		{0FE43F9E-0D23-42A5-BFE9-E92E4905D1DC}.Debug|Any CPU.ActiveCfg = Debug|Any CPU
		{0FE43F9E-0D23-42A5-BFE9-E92E4905D1DC}.Debug|Any CPU.Build.0 = Debug|Any CPU
		{0FE43F9E-0D23-42A5-BFE9-E92E4905D1DC}.Release|Any CPU.ActiveCfg = Release|Any CPU
		{0FE43F9E-0D23-42A5-BFE9-E92E4905D1DC}.Release|Any CPU.Build.0 = Release|Any CPU
		{675FC489-EF50-42FA-AB9B-D7462E02434E}.Debug|Any CPU.ActiveCfg = Debug|Any CPU
		{675FC489-EF50-42FA-AB9B-D7462E02434E}.Debug|Any CPU.Build.0 = Debug|Any CPU
		{675FC489-EF50-42FA-AB9B-D7462E02434E}.Release|Any CPU.ActiveCfg = Release|Any CPU
		{675FC489-EF50-42FA-AB9B-D7462E02434E}.Release|Any CPU.Build.0 = Release|Any CPU
		{4523FE9B-893F-4878-941E-8722FEA7F77D}.Debug|Any CPU.ActiveCfg = Debug|Any CPU
		{4523FE9B-893F-4878-941E-8722FEA7F77D}.Debug|Any CPU.Build.0 = Debug|Any CPU
		{4523FE9B-893F-4878-941E-8722FEA7F77D}.Release|Any CPU.ActiveCfg = Release|Any CPU
		{4523FE9B-893F-4878-941E-8722FEA7F77D}.Release|Any CPU.Build.0 = Release|Any CPU
	EndGlobalSection
	GlobalSection(SolutionProperties) = preSolution
		HideSolutionNode = FALSE
	EndGlobalSection
EndGlobal
